lockfileVersion: '9.0'

settings:
  autoInstallPeers: true
  excludeLinksFromLockfile: false

importers:

  .:
    dependencies:
      '@bgs/types':
        specifier: workspace:*
        version: link:../types
      mongoose:
        specifier: ^6.0.2
        version: 6.13.8

packages:

  '@aws-crypto/sha256-browser@5.2.0':
    resolution: {integrity: sha512-AXfN/lGotSQwu6HNcEsIASo7kWXZ5HYWvfOmSNKDsEqC4OashTp8alTmaz+F7TC2L083SFv5RdB+qU3Vs1kZqw==}

  '@aws-crypto/sha256-js@5.2.0':
    resolution: {integrity: sha512-FFQQyu7edu4ufvIZ+OadFpHHOt+eSTBaYaki44c+akjg7qZg9oOQeLlk77F6tSYqjDAFClrHJk9tMf0HdVyOvA==}
    engines: {node: '>=16.0.0'}

  '@aws-crypto/supports-web-crypto@5.2.0':
    resolution: {integrity: sha512-iAvUotm021kM33eCdNfwIN//F77/IADDSs58i+MDaOqFrVjZo9bAal0NK7HurRuWLLpF1iLX7gbWrjHjeo+YFg==}

  '@aws-crypto/util@5.2.0':
    resolution: {integrity: sha512-4RkU9EsI6ZpBve5fseQlGNUWKMa1RLPQ1dnjnQoe07ldfIzcsGb5hC5W0Dm7u423KWzawlrpbjXBrXCEv9zazQ==}

  '@aws-sdk/client-cognito-identity@3.922.0':
    resolution: {integrity: sha512-C8JR4ZlVYuP0rMWnPkhmCtfLzfLgVu6vlRU9jTSoNeXgEdWzgKhACwrNIJxgHwnLuJGHzfe27OjfSiTwB0szcQ==}
    engines: {node: '>=18.0.0'}

  '@aws-sdk/client-sso@3.922.0':
    resolution: {integrity: sha512-jdHs7uy7cSpiMvrxhYmqHyJxgK7hyqw4plG8OQ4YTBpq0SbfAxdoOuOkwJ1IVUUQho4otR1xYYjiX/8e8J8qwQ==}
    engines: {node: '>=18.0.0'}

  '@aws-sdk/core@3.922.0':
    resolution: {integrity: sha512-EvfP4cqJfpO3L2v5vkIlTkMesPtRwWlMfsaW6Tpfm7iYfBOuTi6jx60pMDMTyJNVfh6cGmXwh/kj1jQdR+w99Q==}
    engines: {node: '>=18.0.0'}

  '@aws-sdk/credential-provider-cognito-identity@3.922.0':
    resolution: {integrity: sha512-heamj3qvnFLPHnCdD0Z5DF9lqpnTkCffmaeBULyVPOBacGelmtythu8tRZ7a4ktMskr9igPcv1qcxSYMXWSKaQ==}
    engines: {node: '>=18.0.0'}

  '@aws-sdk/credential-provider-env@3.922.0':
    resolution: {integrity: sha512-WikGQpKkROJSK3D3E7odPjZ8tU7WJp5/TgGdRuZw3izsHUeH48xMv6IznafpRTmvHcjAbDQj4U3CJZNAzOK/OQ==}
    engines: {node: '>=18.0.0'}

  '@aws-sdk/credential-provider-http@3.922.0':
    resolution: {integrity: sha512-i72DgHMK7ydAEqdzU0Duqh60Q8W59EZmRJ73y0Y5oFmNOqnYsAI+UXyOoCsubp+Dkr6+yOwAn1gPt1XGE9Aowg==}
    engines: {node: '>=18.0.0'}

  '@aws-sdk/credential-provider-ini@3.922.0':
    resolution: {integrity: sha512-bVF+pI5UCLNkvbiZr/t2fgTtv84s8FCdOGAPxQiQcw5qOZywNuuCCY3wIIchmQr6GJr8YFkEp5LgDCac5EC5aQ==}
    engines: {node: '>=18.0.0'}

  '@aws-sdk/credential-provider-node@3.922.0':
    resolution: {integrity: sha512-agCwaD6mBihToHkjycL8ObIS2XOnWypWZZWhJSoWyHwFrhEKz1zGvgylK9Dc711oUfU+zU6J8e0JPKNJMNb3BQ==}
    engines: {node: '>=18.0.0'}

  '@aws-sdk/credential-provider-process@3.922.0':
    resolution: {integrity: sha512-1DZOYezT6okslpvMW7oA2q+y17CJd4fxjNFH0jtThfswdh9CtG62+wxenqO+NExttq0UMaKisrkZiVrYQBTShw==}
    engines: {node: '>=18.0.0'}

  '@aws-sdk/credential-provider-sso@3.922.0':
    resolution: {integrity: sha512-nbD3G3hShTYxLCkKMqLkLPtKwAAfxdY/k9jHtZmVBFXek2T6tQrqZHKxlAu+fd23Ga4/Aik7DLQQx1RA1a5ipg==}
    engines: {node: '>=18.0.0'}

  '@aws-sdk/credential-provider-web-identity@3.922.0':
    resolution: {integrity: sha512-wjGIhgMHGGQfQTdFaJphNOKyAL8wZs6znJdHADPVURmgR+EWLyN/0fDO1u7wx8xaLMZpbHIFWBEvf9TritR/cQ==}
    engines: {node: '>=18.0.0'}

  '@aws-sdk/credential-providers@3.922.0':
    resolution: {integrity: sha512-+njl9vzuxj+wvogVFoSrFCJ4QOFVSUIVbL3V4fI7voRio+quZdBOzFqrMxeQ+GSedTLqjyRZT1O7ii7Ah8T4kQ==}
    engines: {node: '>=18.0.0'}

  '@aws-sdk/middleware-host-header@3.922.0':
    resolution: {integrity: sha512-HPquFgBnq/KqKRVkiuCt97PmWbKtxQ5iUNLEc6FIviqOoZTmaYG3EDsIbuFBz9C4RHJU4FKLmHL2bL3FEId6AA==}
    engines: {node: '>=18.0.0'}

  '@aws-sdk/middleware-logger@3.922.0':
    resolution: {integrity: sha512-AkvYO6b80FBm5/kk2E636zNNcNgjztNNUxpqVx+huyGn9ZqGTzS4kLqW2hO6CBe5APzVtPCtiQsXL24nzuOlAg==}
    engines: {node: '>=18.0.0'}

  '@aws-sdk/middleware-recursion-detection@3.922.0':
    resolution: {integrity: sha512-TtSCEDonV/9R0VhVlCpxZbp/9sxQvTTRKzIf8LxW3uXpby6Wl8IxEciBJlxmSkoqxh542WRcko7NYODlvL/gDA==}
    engines: {node: '>=18.0.0'}

  '@aws-sdk/middleware-user-agent@3.922.0':
    resolution: {integrity: sha512-N4Qx/9KP3oVQBJOrSghhz8iZFtUC2NNeSZt88hpPhbqAEAtuX8aD8OzVcpnAtrwWqy82Yd2YTxlkqMGkgqnBsQ==}
    engines: {node: '>=18.0.0'}

  '@aws-sdk/nested-clients@3.922.0':
    resolution: {integrity: sha512-uYvKCF1TGh/MuJ4TMqmUM0Csuao02HawcseG4LUDyxdUsd/EFuxalWq1Cx4fKZQ2K8F504efZBjctMAMNY+l7A==}
    engines: {node: '>=18.0.0'}

  '@aws-sdk/region-config-resolver@3.922.0':
    resolution: {integrity: sha512-44Y/rNNwhngR2KHp6gkx//TOr56/hx6s4l+XLjOqH7EBCHL7XhnrT1y92L+DLiroVr1tCSmO8eHQwBv0Y2+mvw==}
    engines: {node: '>=18.0.0'}

  '@aws-sdk/token-providers@3.922.0':
    resolution: {integrity: sha512-/inmPnjZE0ZBE16zaCowAvouSx05FJ7p6BQYuzlJ8vxEU0sS0Hf8fvhuiRnN9V9eDUPIBY+/5EjbMWygXL4wlQ==}
    engines: {node: '>=18.0.0'}

  '@aws-sdk/types@3.922.0':
    resolution: {integrity: sha512-eLA6XjVobAUAMivvM7DBL79mnHyrm+32TkXNWZua5mnxF+6kQCfblKKJvxMZLGosO53/Ex46ogim8IY5Nbqv2w==}
    engines: {node: '>=18.0.0'}

  '@aws-sdk/util-endpoints@3.922.0':
    resolution: {integrity: sha512-4ZdQCSuNMY8HMlR1YN4MRDdXuKd+uQTeKIr5/pIM+g3TjInZoj8imvXudjcrFGA63UF3t92YVTkBq88mg58RXQ==}
    engines: {node: '>=18.0.0'}

  '@aws-sdk/util-locate-window@3.893.0':
    resolution: {integrity: sha512-T89pFfgat6c8nMmpI8eKjBcDcgJq36+m9oiXbcUzeU55MP9ZuGgBomGjGnHaEyF36jenW9gmg3NfZDm0AO2XPg==}
    engines: {node: '>=18.0.0'}

  '@aws-sdk/util-user-agent-browser@3.922.0':
    resolution: {integrity: sha512-qOJAERZ3Plj1st7M4Q5henl5FRpE30uLm6L9edZqZXGR6c7ry9jzexWamWVpQ4H4xVAVmiO9dIEBAfbq4mduOA==}

  '@aws-sdk/util-user-agent-node@3.922.0':
    resolution: {integrity: sha512-NrPe/Rsr5kcGunkog0eBV+bY0inkRELsD2SacC4lQZvZiXf8VJ2Y7j+Yq1tB+h+FPLsdt3v9wItIvDf/laAm0Q==}
    engines: {node: '>=18.0.0'}
    peerDependencies:
      aws-crt: '>=1.0.0'
    peerDependenciesMeta:
      aws-crt:
        optional: true

  '@aws-sdk/xml-builder@3.921.0':
    resolution: {integrity: sha512-LVHg0jgjyicKKvpNIEMXIMr1EBViESxcPkqfOlT+X1FkmUMTNZEEVF18tOJg4m4hV5vxtkWcqtr4IEeWa1C41Q==}
    engines: {node: '>=18.0.0'}

  '@aws/lambda-invoke-store@0.1.1':
    resolution: {integrity: sha512-RcLam17LdlbSOSp9VxmUu1eI6Mwxp+OwhD2QhiSNmNCzoDb0EeUXTD2n/WbcnrAYMGlmf05th6QYq23VqvJqpA==}
    engines: {node: '>=18.0.0'}

  '@mongodb-js/saslprep@1.3.2':
    resolution: {integrity: sha512-QgA5AySqB27cGTXBFmnpifAi7HxoGUeezwo6p9dI03MuDB6Pp33zgclqVb6oVK3j6I9Vesg0+oojW2XxB59SGg==}

  '@smithy/abort-controller@4.2.4':
    resolution: {integrity: sha512-Z4DUr/AkgyFf1bOThW2HwzREagee0sB5ycl+hDiSZOfRLW8ZgrOjDi6g8mHH19yyU5E2A/64W3z6SMIf5XiUSQ==}
    engines: {node: '>=18.0.0'}

  '@smithy/config-resolver@4.4.1':
    resolution: {integrity: sha512-BciDJ5hkyYEGBBKMbjGB1A/Zq8bYZ41Zo9BMnGdKF6QD1fY4zIkYx6zui/0CHaVGnv6h0iy8y4rnPX9CPCAPyQ==}
    engines: {node: '>=18.0.0'}

  '@smithy/core@3.17.2':
    resolution: {integrity: sha512-n3g4Nl1Te+qGPDbNFAYf+smkRVB+JhFsGy9uJXXZQEufoP4u0r+WLh6KvTDolCswaagysDc/afS1yvb2jnj1gQ==}
    engines: {node: '>=18.0.0'}

  '@smithy/credential-provider-imds@4.2.4':
    resolution: {integrity: sha512-YVNMjhdz2pVto5bRdux7GMs0x1m0Afz3OcQy/4Yf9DH4fWOtroGH7uLvs7ZmDyoBJzLdegtIPpXrpJOZWvUXdw==}
    engines: {node: '>=18.0.0'}

  '@smithy/fetch-http-handler@5.3.5':
    resolution: {integrity: sha512-mg83SM3FLI8Sa2ooTJbsh5MFfyMTyNRwxqpKHmE0ICRIa66Aodv80DMsTQI02xBLVJ0hckwqTRr5IGAbbWuFLQ==}
    engines: {node: '>=18.0.0'}

  '@smithy/hash-node@4.2.4':
    resolution: {integrity: sha512-kKU0gVhx/ppVMntvUOZE7WRMFW86HuaxLwvqileBEjL7PoILI8/djoILw3gPQloGVE6O0oOzqafxeNi2KbnUJw==}
    engines: {node: '>=18.0.0'}

  '@smithy/invalid-dependency@4.2.4':
    resolution: {integrity: sha512-z6aDLGiHzsMhbS2MjetlIWopWz//K+mCoPXjW6aLr0mypF+Y7qdEh5TyJ20Onf9FbWHiWl4eC+rITdizpnXqOw==}
    engines: {node: '>=18.0.0'}

  '@smithy/is-array-buffer@2.2.0':
    resolution: {integrity: sha512-GGP3O9QFD24uGeAXYUjwSTXARoqpZykHadOmA8G5vfJPK0/DC67qa//0qvqrJzL1xc8WQWX7/yc7fwudjPHPhA==}
    engines: {node: '>=14.0.0'}

  '@smithy/is-array-buffer@4.2.0':
    resolution: {integrity: sha512-DZZZBvC7sjcYh4MazJSGiWMI2L7E0oCiRHREDzIxi/M2LY79/21iXt6aPLHge82wi5LsuRF5A06Ds3+0mlh6CQ==}
    engines: {node: '>=18.0.0'}

  '@smithy/middleware-content-length@4.2.4':
    resolution: {integrity: sha512-hJRZuFS9UsElX4DJSJfoX4M1qXRH+VFiLMUnhsWvtOOUWRNvvOfDaUSdlNbjwv1IkpVjj/Rd/O59Jl3nhAcxow==}
    engines: {node: '>=18.0.0'}

  '@smithy/middleware-endpoint@4.3.6':
    resolution: {integrity: sha512-PXehXofGMFpDqr933rxD8RGOcZ0QBAWtuzTgYRAHAL2BnKawHDEdf/TnGpcmfPJGwonhginaaeJIKluEojiF/w==}
    engines: {node: '>=18.0.0'}

  '@smithy/middleware-retry@4.4.6':
    resolution: {integrity: sha512-OhLx131znrEDxZPAvH/OYufR9d1nB2CQADyYFN4C3V/NQS7Mg4V6uvxHC/Dr96ZQW8IlHJTJ+vAhKt6oxWRndA==}
    engines: {node: '>=18.0.0'}

  '@smithy/middleware-serde@4.2.4':
    resolution: {integrity: sha512-jUr3x2CDhV15TOX2/Uoz4gfgeqLrRoTQbYAuhLS7lcVKNev7FeYSJ1ebEfjk+l9kbb7k7LfzIR/irgxys5ZTOg==}
    engines: {node: '>=18.0.0'}

  '@smithy/middleware-stack@4.2.4':
    resolution: {integrity: sha512-Gy3TKCOnm9JwpFooldwAboazw+EFYlC+Bb+1QBsSi5xI0W5lX81j/P5+CXvD/9ZjtYKRgxq+kkqd/KOHflzvgA==}
    engines: {node: '>=18.0.0'}

  '@smithy/node-config-provider@4.3.4':
    resolution: {integrity: sha512-3X3w7qzmo4XNNdPKNS4nbJcGSwiEMsNsRSunMA92S4DJLLIrH5g1AyuOA2XKM9PAPi8mIWfqC+fnfKNsI4KvHw==}
    engines: {node: '>=18.0.0'}

  '@smithy/node-http-handler@4.4.4':
    resolution: {integrity: sha512-VXHGfzCXLZeKnFp6QXjAdy+U8JF9etfpUXD1FAbzY1GzsFJiDQRQIt2CnMUvUdz3/YaHNqT3RphVWMUpXTIODA==}
    engines: {node: '>=18.0.0'}

  '@smithy/property-provider@4.2.4':
    resolution: {integrity: sha512-g2DHo08IhxV5GdY3Cpt/jr0mkTlAD39EJKN27Jb5N8Fb5qt8KG39wVKTXiTRCmHHou7lbXR8nKVU14/aRUf86w==}
    engines: {node: '>=18.0.0'}

  '@smithy/protocol-http@5.3.4':
    resolution: {integrity: sha512-3sfFd2MAzVt0Q/klOmjFi3oIkxczHs0avbwrfn1aBqtc23WqQSmjvk77MBw9WkEQcwbOYIX5/2z4ULj8DuxSsw==}
    engines: {node: '>=18.0.0'}

  '@smithy/querystring-builder@4.2.4':
    resolution: {integrity: sha512-KQ1gFXXC+WsbPFnk7pzskzOpn4s+KheWgO3dzkIEmnb6NskAIGp/dGdbKisTPJdtov28qNDohQrgDUKzXZBLig==}
    engines: {node: '>=18.0.0'}

  '@smithy/querystring-parser@4.2.4':
    resolution: {integrity: sha512-aHb5cqXZocdzEkZ/CvhVjdw5l4r1aU/9iMEyoKzH4eXMowT6M0YjBpp7W/+XjkBnY8Xh0kVd55GKjnPKlCwinQ==}
    engines: {node: '>=18.0.0'}

  '@smithy/service-error-classification@4.2.4':
    resolution: {integrity: sha512-fdWuhEx4+jHLGeew9/IvqVU/fxT/ot70tpRGuOLxE3HzZOyKeTQfYeV1oaBXpzi93WOk668hjMuuagJ2/Qs7ng==}
    engines: {node: '>=18.0.0'}

  '@smithy/shared-ini-file-loader@4.3.4':
    resolution: {integrity: sha512-y5ozxeQ9omVjbnJo9dtTsdXj9BEvGx2X8xvRgKnV+/7wLBuYJQL6dOa/qMY6omyHi7yjt1OA97jZLoVRYi8lxA==}
    engines: {node: '>=18.0.0'}

  '@smithy/signature-v4@5.3.4':
    resolution: {integrity: sha512-ScDCpasxH7w1HXHYbtk3jcivjvdA1VICyAdgvVqKhKKwxi+MTwZEqFw0minE+oZ7F07oF25xh4FGJxgqgShz0A==}
    engines: {node: '>=18.0.0'}

  '@smithy/smithy-client@4.9.2':
    resolution: {integrity: sha512-gZU4uAFcdrSi3io8U99Qs/FvVdRxPvIMToi+MFfsy/DN9UqtknJ1ais+2M9yR8e0ASQpNmFYEKeIKVcMjQg3rg==}
    engines: {node: '>=18.0.0'}

  '@smithy/types@4.8.1':
    resolution: {integrity: sha512-N0Zn0OT1zc+NA+UVfkYqQzviRh5ucWwO7mBV3TmHHprMnfcJNfhlPicDkBHi0ewbh+y3evR6cNAW0Raxvb01NA==}
    engines: {node: '>=18.0.0'}

  '@smithy/url-parser@4.2.4':
    resolution: {integrity: sha512-w/N/Iw0/PTwJ36PDqU9PzAwVElo4qXxCC0eCTlUtIz/Z5V/2j/cViMHi0hPukSBHp4DVwvUlUhLgCzqSJ6plrg==}
    engines: {node: '>=18.0.0'}

  '@smithy/util-base64@4.3.0':
    resolution: {integrity: sha512-GkXZ59JfyxsIwNTWFnjmFEI8kZpRNIBfxKjv09+nkAWPt/4aGaEWMM04m4sxgNVWkbt2MdSvE3KF/PfX4nFedQ==}
    engines: {node: '>=18.0.0'}

  '@smithy/util-body-length-browser@4.2.0':
    resolution: {integrity: sha512-Fkoh/I76szMKJnBXWPdFkQJl2r9SjPt3cMzLdOB6eJ4Pnpas8hVoWPYemX/peO0yrrvldgCUVJqOAjUrOLjbxg==}
    engines: {node: '>=18.0.0'}

  '@smithy/util-body-length-node@4.2.1':
    resolution: {integrity: sha512-h53dz/pISVrVrfxV1iqXlx5pRg3V2YWFcSQyPyXZRrZoZj4R4DeWRDo1a7dd3CPTcFi3kE+98tuNyD2axyZReA==}
    engines: {node: '>=18.0.0'}

  '@smithy/util-buffer-from@2.2.0':
    resolution: {integrity: sha512-IJdWBbTcMQ6DA0gdNhh/BwrLkDR+ADW5Kr1aZmd4k3DIF6ezMV4R2NIAmT08wQJ3yUK82thHWmC/TnK/wpMMIA==}
    engines: {node: '>=14.0.0'}

  '@smithy/util-buffer-from@4.2.0':
    resolution: {integrity: sha512-kAY9hTKulTNevM2nlRtxAG2FQ3B2OR6QIrPY3zE5LqJy1oxzmgBGsHLWTcNhWXKchgA0WHW+mZkQrng/pgcCew==}
    engines: {node: '>=18.0.0'}

  '@smithy/util-config-provider@4.2.0':
    resolution: {integrity: sha512-YEjpl6XJ36FTKmD+kRJJWYvrHeUvm5ykaUS5xK+6oXffQPHeEM4/nXlZPe+Wu0lsgRUcNZiliYNh/y7q9c2y6Q==}
    engines: {node: '>=18.0.0'}

  '@smithy/util-defaults-mode-browser@4.3.5':
    resolution: {integrity: sha512-GwaGjv/QLuL/QHQaqhf/maM7+MnRFQQs7Bsl6FlaeK6lm6U7mV5AAnVabw68cIoMl5FQFyKK62u7RWRzWL25OQ==}
    engines: {node: '>=18.0.0'}

  '@smithy/util-defaults-mode-node@4.2.7':
    resolution: {integrity: sha512-6hinjVqec0WYGsqN7h9hL/ywfULmJJNXGXnNZW7jrIn/cFuC/aVlVaiDfBIJEvKcOrmN8/EgsW69eY0gXABeHw==}
    engines: {node: '>=18.0.0'}

  '@smithy/util-endpoints@3.2.4':
    resolution: {integrity: sha512-f+nBDhgYRCmUEDKEQb6q0aCcOTXRDqH5wWaFHJxt4anB4pKHlgGoYP3xtioKXH64e37ANUkzWf6p4Mnv1M5/Vg==}
    engines: {node: '>=18.0.0'}

  '@smithy/util-hex-encoding@4.2.0':
    resolution: {integrity: sha512-CCQBwJIvXMLKxVbO88IukazJD9a4kQ9ZN7/UMGBjBcJYvatpWk+9g870El4cB8/EJxfe+k+y0GmR9CAzkF+Nbw==}
    engines: {node: '>=18.0.0'}

  '@smithy/util-middleware@4.2.4':
    resolution: {integrity: sha512-fKGQAPAn8sgV0plRikRVo6g6aR0KyKvgzNrPuM74RZKy/wWVzx3BMk+ZWEueyN3L5v5EDg+P582mKU+sH5OAsg==}
    engines: {node: '>=18.0.0'}

  '@smithy/util-retry@4.2.4':
    resolution: {integrity: sha512-yQncJmj4dtv/isTXxRb4AamZHy4QFr4ew8GxS6XLWt7sCIxkPxPzINWd7WLISEFPsIan14zrKgvyAF+/yzfwoA==}
    engines: {node: '>=18.0.0'}

  '@smithy/util-stream@4.5.5':
    resolution: {integrity: sha512-7M5aVFjT+HPilPOKbOmQfCIPchZe4DSBc1wf1+NvHvSoFTiFtauZzT+onZvCj70xhXd0AEmYnZYmdJIuwxOo4w==}
    engines: {node: '>=18.0.0'}

  '@smithy/util-uri-escape@4.2.0':
    resolution: {integrity: sha512-igZpCKV9+E/Mzrpq6YacdTQ0qTiLm85gD6N/IrmyDvQFA4UnU3d5g3m8tMT/6zG/vVkWSU+VxeUyGonL62DuxA==}
    engines: {node: '>=18.0.0'}

  '@smithy/util-utf8@2.3.0':
    resolution: {integrity: sha512-R8Rdn8Hy72KKcebgLiv8jQcQkXoLMOGGv5uI1/k0l+snqkOzQ1R0ChUBCxWMlBsFMekWjq0wRudIweFs7sKT5A==}
    engines: {node: '>=14.0.0'}

  '@smithy/util-utf8@4.2.0':
    resolution: {integrity: sha512-zBPfuzoI8xyBtR2P6WQj63Rz8i3AmfAaJLuNG8dWsfvPe8lO4aCPYLn879mEgHndZH1zQ2oXmG8O1GGzzaoZiw==}
    engines: {node: '>=18.0.0'}

  '@smithy/uuid@1.1.0':
    resolution: {integrity: sha512-4aUIteuyxtBUhVdiQqcDhKFitwfd9hqoSDYY2KRXiWtgoWJ9Bmise+KfEPDiVHWeJepvF8xJO9/9+WDIciMFFw==}
    engines: {node: '>=18.0.0'}

  '@types/node@24.9.2':
    resolution: {integrity: sha512-uWN8YqxXxqFMX2RqGOrumsKeti4LlmIMIyV0lgut4jx7KQBcBiW6vkDtIBvHnHIquwNfJhk8v2OtmO8zXWHfPA==}

  '@types/webidl-conversions@7.0.3':
    resolution: {integrity: sha512-CiJJvcRtIgzadHCYXw7dqEnMNRjhGZlYK05Mj9OyktqV8uVT8fD2BFOB7S1uwBE3Kj2Z+4UyPmFw/Ixgw/LAlA==}

  '@types/whatwg-url@8.2.2':
    resolution: {integrity: sha512-FtQu10RWgn3D9U4aazdwIE2yzphmTJREDqNdODHrbrZmmMqI0vMheC/6NE/J1Yveaj8H+ela+YwWTjq5PGmuhA==}

  base64-js@1.5.1:
    resolution: {integrity: sha512-AKpaYlHn8t4SVbOHCy+b5+KKgvR4vrsD8vbvrbiQJps7fKDTkjkDry6ji0rUJjC0kzbNePLwzxq8iypo41qeWA==}

  bowser@2.12.1:
    resolution: {integrity: sha512-z4rE2Gxh7tvshQ4hluIT7XcFrgLIQaw9X3A+kTTRdovCz5PMukm/0QC/BKSYPj3omF5Qfypn9O/c5kgpmvYUCw==}

  bson@4.7.2:
    resolution: {integrity: sha512-Ry9wCtIZ5kGqkJoi6aD8KjxFZEx78guTQDnpXWiNthsxzrxAK/i8E6pCHAIZTbaEFWcOCvbecMukfK7XUvyLpQ==}
    engines: {node: '>=6.9.0'}

  buffer@5.7.1:
    resolution: {integrity: sha512-EHcyIPBQ4BSGlvjB16k5KgAJ27CIsHY/2JBmCRReo48y9rQ3MaUzWX3KVlBa4U7MyX02HdVj0K7C3WaB3ju7FQ==}

  debug@4.4.3:
    resolution: {integrity: sha512-RGwwWnwQvkVfavKVt22FGLw+xYSdzARwm0ru6DhTVA3umU5hZc28V3kO4stgYryrTlLpuvgI9GiijltAjNbcqA==}
    engines: {node: '>=6.0'}
    peerDependencies:
      supports-color: '*'
    peerDependenciesMeta:
      supports-color:
        optional: true

  fast-xml-parser@5.2.5:
    resolution: {integrity: sha512-pfX9uG9Ki0yekDHx2SiuRIyFdyAr1kMIMitPvb0YBo8SUfKvia7w7FIyd/l6av85pFYRhZscS75MwMnbvY+hcQ==}
    hasBin: true

  ieee754@1.2.1:
    resolution: {integrity: sha512-dcyqhDvX1C46lXZcVqCpK+FtMRQVdIMN6/Df5js2zouUsqG7I6sFxitIC+7KYK29KdXOLHdu9zL4sFnoVQnqaA==}

  ip-address@10.0.1:
    resolution: {integrity: sha512-NWv9YLW4PoW2B7xtzaS3NCot75m6nK7Icdv0o3lfMceJVRfSoQwqD4wEH5rLwoKJwUiZ/rfpiVBhnaF0FK4HoA==}
    engines: {node: '>= 12'}

  kareem@2.5.1:
    resolution: {integrity: sha512-7jFxRVm+jD+rkq3kY0iZDJfsO2/t4BBPeEb2qKn2lR/9KhuksYk5hxzfRYWMPV8P/x2d0kHD306YyWLzjjH+uA==}
    engines: {node: '>=12.0.0'}

  memory-pager@1.5.0:
    resolution: {integrity: sha512-ZS4Bp4r/Zoeq6+NLJpP+0Zzm0pR8whtGPf1XExKLJBAczGMnSi3It14OiNCStjQjM6NU1okjQGSxgEZN8eBYKg==}

  mongodb-connection-string-url@2.6.0:
    resolution: {integrity: sha512-WvTZlI9ab0QYtTYnuMLgobULWhokRjtC7db9LtcVfJ+Hsnyr5eo6ZtNAt3Ly24XZScGMelOcGtm7lSn0332tPQ==}

  mongodb@4.17.2:
    resolution: {integrity: sha512-mLV7SEiov2LHleRJPMPrK2PMyhXFZt2UQLC4VD4pnth3jMjYKHhtqfwwkkvS/NXuo/Fp3vbhaNcXrIDaLRb9Tg==}
    engines: {node: '>=12.9.0'}

  mongoose@6.13.8:
    resolution: {integrity: sha512-JHKco/533CyVrqCbyQsnqMpLn8ZCiKrPDTd2mvo2W7ygIvhygWjX2wj+RPjn6upZZgw0jC6U51RD7kUsyK8NBg==}
    engines: {node: '>=12.0.0'}

  mpath@0.9.0:
    resolution: {integrity: sha512-ikJRQTk8hw5DEoFVxHG1Gn9T/xcjtdnOKIU1JTmGjZZlg9LST2mBLmcX3/ICIbgJydT2GOc15RnNy5mHmzfSew==}
    engines: {node: '>=4.0.0'}

  mquery@4.0.3:
    resolution: {integrity: sha512-J5heI+P08I6VJ2Ky3+33IpCdAvlYGTSUjwTPxkAr8i8EoduPMBX2OY/wa3IKZIQl7MU4SbFk8ndgSKyB/cl1zA==}
    engines: {node: '>=12.0.0'}

  ms@2.1.3:
    resolution: {integrity: sha512-6FlzubTLZG3J2a/NVCAleEhjzq5oxgHyaCU9yYXvcLsvoVaHJq/s5xXI6/XXP6tz7R9xAOtHnSO/tXtF3WRTlA==}

  punycode@2.3.1:
    resolution: {integrity: sha512-vYt7UD1U9Wg6138shLtLOvdAu+8DsC/ilFtEVHcH+wydcSpNE20AfSOduf6MkRFahL5FY7X1oU7nKVZFtfq8Fg==}
    engines: {node: '>=6'}

  sift@16.0.1:
    resolution: {integrity: sha512-Wv6BjQ5zbhW7VFefWusVP33T/EM0vYikCaQ2qR8yULbsilAT8/wQaXvuQ3ptGLpoKx+lihJE3y2UTgKDyyNHZQ==}

  smart-buffer@4.2.0:
    resolution: {integrity: sha512-94hK0Hh8rPqQl2xXc3HsaBoOXKV20MToPkcXvwbISWLEs+64sBq5kFgn2kJDHb1Pry9yrP0dxrCI9RRci7RXKg==}
    engines: {node: '>= 6.0.0', npm: '>= 3.0.0'}

  socks@2.8.7:
    resolution: {integrity: sha512-HLpt+uLy/pxB+bum/9DzAgiKS8CX1EvbWxI4zlmgGCExImLdiad2iCwXT5Z4c9c3Eq8rP2318mPW2c+QbtjK8A==}
    engines: {node: '>= 10.0.0', npm: '>= 3.0.0'}

  sparse-bitfield@3.0.3:
    resolution: {integrity: sha512-kvzhi7vqKTfkh0PZU+2D2PIllw2ymqJKujUcyPMd9Y75Nv4nPbGJZXNhxsgdQab2BmlDct1YnfQCguEvHr7VsQ==}

  strnum@2.1.1:
    resolution: {integrity: sha512-7ZvoFTiCnGxBtDqJ//Cu6fWtZtc7Y3x+QOirG15wztbdngGSkht27o2pyGWrVy0b4WAy3jbKmnoK6g5VlVNUUw==}

  tr46@3.0.0:
    resolution: {integrity: sha512-l7FvfAHlcmulp8kr+flpQZmVwtu7nfRV7NZujtN0OqES8EL4O4e0qqzL0DC5gAvx/ZC/9lk6rhcUwYvkBnBnYA==}
    engines: {node: '>=12'}

  tslib@2.8.1:
    resolution: {integrity: sha512-oJFu94HQb+KVduSUQL7wnpmqnfmLsOA/nAh6b6EH0wCEoK0/mPeXU6c3wKDV83MkOuHPRHtSXKKU99IBazS/2w==}

  undici-types@7.16.0:
    resolution: {integrity: sha512-Zz+aZWSj8LE6zoxD+xrjh4VfkIG8Ya6LvYkZqtUQGJPZjYl53ypCaUwWqo7eI0x66KBGeRo+mlBEkMSeSZ38Nw==}

  webidl-conversions@7.0.0:
    resolution: {integrity: sha512-VwddBukDzu71offAQR975unBIGqfKZpM+8ZX6ySk8nYhVoo5CYaZyzt3YBvYtRtO+aoGlqxPg/B87NGVZ/fu6g==}
    engines: {node: '>=12'}

  whatwg-url@11.0.0:
    resolution: {integrity: sha512-RKT8HExMpoYx4igMiVMY83lN6UeITKJlBQ+vR/8ZJ8OCdSiN3RwCq+9gH0+Xzj0+5IrM6i4j/6LuvzbZIQgEcQ==}
    engines: {node: '>=12'}

snapshots:

  '@aws-crypto/sha256-browser@5.2.0':
    dependencies:
      '@aws-crypto/sha256-js': 5.2.0
      '@aws-crypto/supports-web-crypto': 5.2.0
      '@aws-crypto/util': 5.2.0
      '@aws-sdk/types': 3.922.0
      '@aws-sdk/util-locate-window': 3.893.0
      '@smithy/util-utf8': 2.3.0
      tslib: 2.8.1
    optional: true

  '@aws-crypto/sha256-js@5.2.0':
    dependencies:
      '@aws-crypto/util': 5.2.0
      '@aws-sdk/types': 3.922.0
      tslib: 2.8.1
    optional: true

  '@aws-crypto/supports-web-crypto@5.2.0':
    dependencies:
      tslib: 2.8.1
    optional: true

  '@aws-crypto/util@5.2.0':
    dependencies:
      '@aws-sdk/types': 3.922.0
      '@smithy/util-utf8': 2.3.0
      tslib: 2.8.1
    optional: true

  '@aws-sdk/client-cognito-identity@3.922.0':
    dependencies:
      '@aws-crypto/sha256-browser': 5.2.0
      '@aws-crypto/sha256-js': 5.2.0
      '@aws-sdk/core': 3.922.0
      '@aws-sdk/credential-provider-node': 3.922.0
      '@aws-sdk/middleware-host-header': 3.922.0
      '@aws-sdk/middleware-logger': 3.922.0
      '@aws-sdk/middleware-recursion-detection': 3.922.0
      '@aws-sdk/middleware-user-agent': 3.922.0
      '@aws-sdk/region-config-resolver': 3.922.0
      '@aws-sdk/types': 3.922.0
      '@aws-sdk/util-endpoints': 3.922.0
      '@aws-sdk/util-user-agent-browser': 3.922.0
      '@aws-sdk/util-user-agent-node': 3.922.0
      '@smithy/config-resolver': 4.4.1
      '@smithy/core': 3.17.2
      '@smithy/fetch-http-handler': 5.3.5
      '@smithy/hash-node': 4.2.4
      '@smithy/invalid-dependency': 4.2.4
      '@smithy/middleware-content-length': 4.2.4
      '@smithy/middleware-endpoint': 4.3.6
      '@smithy/middleware-retry': 4.4.6
      '@smithy/middleware-serde': 4.2.4
      '@smithy/middleware-stack': 4.2.4
      '@smithy/node-config-provider': 4.3.4
      '@smithy/node-http-handler': 4.4.4
      '@smithy/protocol-http': 5.3.4
      '@smithy/smithy-client': 4.9.2
      '@smithy/types': 4.8.1
      '@smithy/url-parser': 4.2.4
      '@smithy/util-base64': 4.3.0
      '@smithy/util-body-length-browser': 4.2.0
      '@smithy/util-body-length-node': 4.2.1
      '@smithy/util-defaults-mode-browser': 4.3.5
      '@smithy/util-defaults-mode-node': 4.2.7
      '@smithy/util-endpoints': 3.2.4
      '@smithy/util-middleware': 4.2.4
      '@smithy/util-retry': 4.2.4
      '@smithy/util-utf8': 4.2.0
      tslib: 2.8.1
    transitivePeerDependencies:
      - aws-crt
    optional: true

  '@aws-sdk/client-sso@3.922.0':
    dependencies:
      '@aws-crypto/sha256-browser': 5.2.0
      '@aws-crypto/sha256-js': 5.2.0
      '@aws-sdk/core': 3.922.0
      '@aws-sdk/middleware-host-header': 3.922.0
      '@aws-sdk/middleware-logger': 3.922.0
      '@aws-sdk/middleware-recursion-detection': 3.922.0
      '@aws-sdk/middleware-user-agent': 3.922.0
      '@aws-sdk/region-config-resolver': 3.922.0
      '@aws-sdk/types': 3.922.0
      '@aws-sdk/util-endpoints': 3.922.0
      '@aws-sdk/util-user-agent-browser': 3.922.0
      '@aws-sdk/util-user-agent-node': 3.922.0
      '@smithy/config-resolver': 4.4.1
      '@smithy/core': 3.17.2
      '@smithy/fetch-http-handler': 5.3.5
      '@smithy/hash-node': 4.2.4
      '@smithy/invalid-dependency': 4.2.4
      '@smithy/middleware-content-length': 4.2.4
      '@smithy/middleware-endpoint': 4.3.6
      '@smithy/middleware-retry': 4.4.6
      '@smithy/middleware-serde': 4.2.4
      '@smithy/middleware-stack': 4.2.4
      '@smithy/node-config-provider': 4.3.4
      '@smithy/node-http-handler': 4.4.4
      '@smithy/protocol-http': 5.3.4
      '@smithy/smithy-client': 4.9.2
      '@smithy/types': 4.8.1
      '@smithy/url-parser': 4.2.4
      '@smithy/util-base64': 4.3.0
      '@smithy/util-body-length-browser': 4.2.0
      '@smithy/util-body-length-node': 4.2.1
      '@smithy/util-defaults-mode-browser': 4.3.5
      '@smithy/util-defaults-mode-node': 4.2.7
      '@smithy/util-endpoints': 3.2.4
      '@smithy/util-middleware': 4.2.4
      '@smithy/util-retry': 4.2.4
      '@smithy/util-utf8': 4.2.0
      tslib: 2.8.1
    transitivePeerDependencies:
      - aws-crt
    optional: true

  '@aws-sdk/core@3.922.0':
    dependencies:
      '@aws-sdk/types': 3.922.0
      '@aws-sdk/xml-builder': 3.921.0
      '@smithy/core': 3.17.2
      '@smithy/node-config-provider': 4.3.4
      '@smithy/property-provider': 4.2.4
      '@smithy/protocol-http': 5.3.4
      '@smithy/signature-v4': 5.3.4
      '@smithy/smithy-client': 4.9.2
      '@smithy/types': 4.8.1
      '@smithy/util-base64': 4.3.0
      '@smithy/util-middleware': 4.2.4
      '@smithy/util-utf8': 4.2.0
      tslib: 2.8.1
    optional: true

  '@aws-sdk/credential-provider-cognito-identity@3.922.0':
    dependencies:
      '@aws-sdk/client-cognito-identity': 3.922.0
      '@aws-sdk/types': 3.922.0
      '@smithy/property-provider': 4.2.4
      '@smithy/types': 4.8.1
      tslib: 2.8.1
    transitivePeerDependencies:
      - aws-crt
    optional: true

  '@aws-sdk/credential-provider-env@3.922.0':
    dependencies:
      '@aws-sdk/core': 3.922.0
      '@aws-sdk/types': 3.922.0
      '@smithy/property-provider': 4.2.4
      '@smithy/types': 4.8.1
      tslib: 2.8.1
    optional: true

  '@aws-sdk/credential-provider-http@3.922.0':
    dependencies:
      '@aws-sdk/core': 3.922.0
      '@aws-sdk/types': 3.922.0
      '@smithy/fetch-http-handler': 5.3.5
      '@smithy/node-http-handler': 4.4.4
      '@smithy/property-provider': 4.2.4
      '@smithy/protocol-http': 5.3.4
      '@smithy/smithy-client': 4.9.2
      '@smithy/types': 4.8.1
      '@smithy/util-stream': 4.5.5
      tslib: 2.8.1
    optional: true

  '@aws-sdk/credential-provider-ini@3.922.0':
    dependencies:
      '@aws-sdk/core': 3.922.0
      '@aws-sdk/credential-provider-env': 3.922.0
      '@aws-sdk/credential-provider-http': 3.922.0
      '@aws-sdk/credential-provider-process': 3.922.0
      '@aws-sdk/credential-provider-sso': 3.922.0
      '@aws-sdk/credential-provider-web-identity': 3.922.0
      '@aws-sdk/nested-clients': 3.922.0
      '@aws-sdk/types': 3.922.0
      '@smithy/credential-provider-imds': 4.2.4
      '@smithy/property-provider': 4.2.4
      '@smithy/shared-ini-file-loader': 4.3.4
      '@smithy/types': 4.8.1
      tslib: 2.8.1
    transitivePeerDependencies:
      - aws-crt
    optional: true

  '@aws-sdk/credential-provider-node@3.922.0':
    dependencies:
      '@aws-sdk/credential-provider-env': 3.922.0
      '@aws-sdk/credential-provider-http': 3.922.0
      '@aws-sdk/credential-provider-ini': 3.922.0
      '@aws-sdk/credential-provider-process': 3.922.0
      '@aws-sdk/credential-provider-sso': 3.922.0
      '@aws-sdk/credential-provider-web-identity': 3.922.0
      '@aws-sdk/types': 3.922.0
      '@smithy/credential-provider-imds': 4.2.4
      '@smithy/property-provider': 4.2.4
      '@smithy/shared-ini-file-loader': 4.3.4
      '@smithy/types': 4.8.1
      tslib: 2.8.1
    transitivePeerDependencies:
      - aws-crt
    optional: true

  '@aws-sdk/credential-provider-process@3.922.0':
    dependencies:
      '@aws-sdk/core': 3.922.0
      '@aws-sdk/types': 3.922.0
      '@smithy/property-provider': 4.2.4
      '@smithy/shared-ini-file-loader': 4.3.4
      '@smithy/types': 4.8.1
      tslib: 2.8.1
    optional: true

  '@aws-sdk/credential-provider-sso@3.922.0':
    dependencies:
      '@aws-sdk/client-sso': 3.922.0
      '@aws-sdk/core': 3.922.0
      '@aws-sdk/token-providers': 3.922.0
      '@aws-sdk/types': 3.922.0
      '@smithy/property-provider': 4.2.4
      '@smithy/shared-ini-file-loader': 4.3.4
      '@smithy/types': 4.8.1
      tslib: 2.8.1
    transitivePeerDependencies:
      - aws-crt
    optional: true

  '@aws-sdk/credential-provider-web-identity@3.922.0':
    dependencies:
      '@aws-sdk/core': 3.922.0
      '@aws-sdk/nested-clients': 3.922.0
      '@aws-sdk/types': 3.922.0
      '@smithy/property-provider': 4.2.4
      '@smithy/shared-ini-file-loader': 4.3.4
      '@smithy/types': 4.8.1
      tslib: 2.8.1
    transitivePeerDependencies:
      - aws-crt
    optional: true

  '@aws-sdk/credential-providers@3.922.0':
    dependencies:
      '@aws-sdk/client-cognito-identity': 3.922.0
      '@aws-sdk/core': 3.922.0
      '@aws-sdk/credential-provider-cognito-identity': 3.922.0
      '@aws-sdk/credential-provider-env': 3.922.0
      '@aws-sdk/credential-provider-http': 3.922.0
      '@aws-sdk/credential-provider-ini': 3.922.0
      '@aws-sdk/credential-provider-node': 3.922.0
      '@aws-sdk/credential-provider-process': 3.922.0
      '@aws-sdk/credential-provider-sso': 3.922.0
      '@aws-sdk/credential-provider-web-identity': 3.922.0
      '@aws-sdk/nested-clients': 3.922.0
      '@aws-sdk/types': 3.922.0
      '@smithy/config-resolver': 4.4.1
      '@smithy/core': 3.17.2
      '@smithy/credential-provider-imds': 4.2.4
      '@smithy/node-config-provider': 4.3.4
      '@smithy/property-provider': 4.2.4
      '@smithy/types': 4.8.1
      tslib: 2.8.1
    transitivePeerDependencies:
      - aws-crt
    optional: true

  '@aws-sdk/middleware-host-header@3.922.0':
    dependencies:
      '@aws-sdk/types': 3.922.0
      '@smithy/protocol-http': 5.3.4
      '@smithy/types': 4.8.1
      tslib: 2.8.1
    optional: true

  '@aws-sdk/middleware-logger@3.922.0':
    dependencies:
      '@aws-sdk/types': 3.922.0
      '@smithy/types': 4.8.1
      tslib: 2.8.1
    optional: true

  '@aws-sdk/middleware-recursion-detection@3.922.0':
    dependencies:
      '@aws-sdk/types': 3.922.0
      '@aws/lambda-invoke-store': 0.1.1
      '@smithy/protocol-http': 5.3.4
      '@smithy/types': 4.8.1
      tslib: 2.8.1
    optional: true

  '@aws-sdk/middleware-user-agent@3.922.0':
    dependencies:
      '@aws-sdk/core': 3.922.0
      '@aws-sdk/types': 3.922.0
      '@aws-sdk/util-endpoints': 3.922.0
      '@smithy/core': 3.17.2
      '@smithy/protocol-http': 5.3.4
      '@smithy/types': 4.8.1
      tslib: 2.8.1
    optional: true

  '@aws-sdk/nested-clients@3.922.0':
    dependencies:
      '@aws-crypto/sha256-browser': 5.2.0
      '@aws-crypto/sha256-js': 5.2.0
      '@aws-sdk/core': 3.922.0
      '@aws-sdk/middleware-host-header': 3.922.0
      '@aws-sdk/middleware-logger': 3.922.0
      '@aws-sdk/middleware-recursion-detection': 3.922.0
      '@aws-sdk/middleware-user-agent': 3.922.0
      '@aws-sdk/region-config-resolver': 3.922.0
      '@aws-sdk/types': 3.922.0
      '@aws-sdk/util-endpoints': 3.922.0
      '@aws-sdk/util-user-agent-browser': 3.922.0
      '@aws-sdk/util-user-agent-node': 3.922.0
      '@smithy/config-resolver': 4.4.1
      '@smithy/core': 3.17.2
      '@smithy/fetch-http-handler': 5.3.5
      '@smithy/hash-node': 4.2.4
      '@smithy/invalid-dependency': 4.2.4
      '@smithy/middleware-content-length': 4.2.4
      '@smithy/middleware-endpoint': 4.3.6
      '@smithy/middleware-retry': 4.4.6
      '@smithy/middleware-serde': 4.2.4
      '@smithy/middleware-stack': 4.2.4
      '@smithy/node-config-provider': 4.3.4
      '@smithy/node-http-handler': 4.4.4
      '@smithy/protocol-http': 5.3.4
      '@smithy/smithy-client': 4.9.2
      '@smithy/types': 4.8.1
      '@smithy/url-parser': 4.2.4
      '@smithy/util-base64': 4.3.0
      '@smithy/util-body-length-browser': 4.2.0
      '@smithy/util-body-length-node': 4.2.1
      '@smithy/util-defaults-mode-browser': 4.3.5
      '@smithy/util-defaults-mode-node': 4.2.7
      '@smithy/util-endpoints': 3.2.4
      '@smithy/util-middleware': 4.2.4
      '@smithy/util-retry': 4.2.4
      '@smithy/util-utf8': 4.2.0
      tslib: 2.8.1
    transitivePeerDependencies:
      - aws-crt
    optional: true

  '@aws-sdk/region-config-resolver@3.922.0':
    dependencies:
      '@aws-sdk/types': 3.922.0
      '@smithy/config-resolver': 4.4.1
      '@smithy/node-config-provider': 4.3.4
      '@smithy/types': 4.8.1
      tslib: 2.8.1
    optional: true

  '@aws-sdk/token-providers@3.922.0':
    dependencies:
      '@aws-sdk/core': 3.922.0
      '@aws-sdk/nested-clients': 3.922.0
      '@aws-sdk/types': 3.922.0
      '@smithy/property-provider': 4.2.4
      '@smithy/shared-ini-file-loader': 4.3.4
      '@smithy/types': 4.8.1
      tslib: 2.8.1
    transitivePeerDependencies:
      - aws-crt
    optional: true

  '@aws-sdk/types@3.922.0':
    dependencies:
      '@smithy/types': 4.8.1
      tslib: 2.8.1
    optional: true

  '@aws-sdk/util-endpoints@3.922.0':
    dependencies:
      '@aws-sdk/types': 3.922.0
      '@smithy/types': 4.8.1
      '@smithy/url-parser': 4.2.4
      '@smithy/util-endpoints': 3.2.4
      tslib: 2.8.1
    optional: true

  '@aws-sdk/util-locate-window@3.893.0':
    dependencies:
      tslib: 2.8.1
    optional: true

  '@aws-sdk/util-user-agent-browser@3.922.0':
    dependencies:
      '@aws-sdk/types': 3.922.0
      '@smithy/types': 4.8.1
      bowser: 2.12.1
      tslib: 2.8.1
    optional: true

  '@aws-sdk/util-user-agent-node@3.922.0':
    dependencies:
      '@aws-sdk/middleware-user-agent': 3.922.0
      '@aws-sdk/types': 3.922.0
      '@smithy/node-config-provider': 4.3.4
      '@smithy/types': 4.8.1
      tslib: 2.8.1
    optional: true

  '@aws-sdk/xml-builder@3.921.0':
    dependencies:
      '@smithy/types': 4.8.1
      fast-xml-parser: 5.2.5
      tslib: 2.8.1
    optional: true

  '@aws/lambda-invoke-store@0.1.1':
    optional: true

  '@mongodb-js/saslprep@1.3.2':
    dependencies:
      sparse-bitfield: 3.0.3
    optional: true

  '@smithy/abort-controller@4.2.4':
    dependencies:
      '@smithy/types': 4.8.1
      tslib: 2.8.1
    optional: true

  '@smithy/config-resolver@4.4.1':
    dependencies:
      '@smithy/node-config-provider': 4.3.4
      '@smithy/types': 4.8.1
      '@smithy/util-config-provider': 4.2.0
      '@smithy/util-endpoints': 3.2.4
      '@smithy/util-middleware': 4.2.4
      tslib: 2.8.1
    optional: true

  '@smithy/core@3.17.2':
    dependencies:
      '@smithy/middleware-serde': 4.2.4
      '@smithy/protocol-http': 5.3.4
      '@smithy/types': 4.8.1
      '@smithy/util-base64': 4.3.0
      '@smithy/util-body-length-browser': 4.2.0
      '@smithy/util-middleware': 4.2.4
      '@smithy/util-stream': 4.5.5
      '@smithy/util-utf8': 4.2.0
      '@smithy/uuid': 1.1.0
      tslib: 2.8.1
    optional: true

  '@smithy/credential-provider-imds@4.2.4':
    dependencies:
      '@smithy/node-config-provider': 4.3.4
      '@smithy/property-provider': 4.2.4
      '@smithy/types': 4.8.1
      '@smithy/url-parser': 4.2.4
      tslib: 2.8.1
    optional: true

  '@smithy/fetch-http-handler@5.3.5':
    dependencies:
      '@smithy/protocol-http': 5.3.4
      '@smithy/querystring-builder': 4.2.4
      '@smithy/types': 4.8.1
      '@smithy/util-base64': 4.3.0
      tslib: 2.8.1
    optional: true

  '@smithy/hash-node@4.2.4':
    dependencies:
      '@smithy/types': 4.8.1
      '@smithy/util-buffer-from': 4.2.0
      '@smithy/util-utf8': 4.2.0
      tslib: 2.8.1
    optional: true

  '@smithy/invalid-dependency@4.2.4':
    dependencies:
      '@smithy/types': 4.8.1
      tslib: 2.8.1
    optional: true

  '@smithy/is-array-buffer@2.2.0':
    dependencies:
      tslib: 2.8.1
    optional: true

  '@smithy/is-array-buffer@4.2.0':
    dependencies:
      tslib: 2.8.1
    optional: true

  '@smithy/middleware-content-length@4.2.4':
    dependencies:
      '@smithy/protocol-http': 5.3.4
      '@smithy/types': 4.8.1
      tslib: 2.8.1
    optional: true

  '@smithy/middleware-endpoint@4.3.6':
    dependencies:
      '@smithy/core': 3.17.2
      '@smithy/middleware-serde': 4.2.4
      '@smithy/node-config-provider': 4.3.4
      '@smithy/shared-ini-file-loader': 4.3.4
      '@smithy/types': 4.8.1
      '@smithy/url-parser': 4.2.4
      '@smithy/util-middleware': 4.2.4
      tslib: 2.8.1
    optional: true

  '@smithy/middleware-retry@4.4.6':
    dependencies:
      '@smithy/node-config-provider': 4.3.4
      '@smithy/protocol-http': 5.3.4
      '@smithy/service-error-classification': 4.2.4
      '@smithy/smithy-client': 4.9.2
      '@smithy/types': 4.8.1
      '@smithy/util-middleware': 4.2.4
      '@smithy/util-retry': 4.2.4
      '@smithy/uuid': 1.1.0
      tslib: 2.8.1
    optional: true

  '@smithy/middleware-serde@4.2.4':
    dependencies:
      '@smithy/protocol-http': 5.3.4
      '@smithy/types': 4.8.1
      tslib: 2.8.1
    optional: true

  '@smithy/middleware-stack@4.2.4':
    dependencies:
      '@smithy/types': 4.8.1
      tslib: 2.8.1
    optional: true

  '@smithy/node-config-provider@4.3.4':
    dependencies:
      '@smithy/property-provider': 4.2.4
      '@smithy/shared-ini-file-loader': 4.3.4
      '@smithy/types': 4.8.1
      tslib: 2.8.1
    optional: true

  '@smithy/node-http-handler@4.4.4':
    dependencies:
      '@smithy/abort-controller': 4.2.4
      '@smithy/protocol-http': 5.3.4
      '@smithy/querystring-builder': 4.2.4
      '@smithy/types': 4.8.1
      tslib: 2.8.1
    optional: true

  '@smithy/property-provider@4.2.4':
    dependencies:
      '@smithy/types': 4.8.1
      tslib: 2.8.1
    optional: true

  '@smithy/protocol-http@5.3.4':
    dependencies:
      '@smithy/types': 4.8.1
      tslib: 2.8.1
    optional: true

  '@smithy/querystring-builder@4.2.4':
    dependencies:
      '@smithy/types': 4.8.1
      '@smithy/util-uri-escape': 4.2.0
      tslib: 2.8.1
    optional: true

  '@smithy/querystring-parser@4.2.4':
    dependencies:
      '@smithy/types': 4.8.1
      tslib: 2.8.1
    optional: true

  '@smithy/service-error-classification@4.2.4':
    dependencies:
      '@smithy/types': 4.8.1
    optional: true

  '@smithy/shared-ini-file-loader@4.3.4':
    dependencies:
      '@smithy/types': 4.8.1
      tslib: 2.8.1
    optional: true

  '@smithy/signature-v4@5.3.4':
    dependencies:
      '@smithy/is-array-buffer': 4.2.0
      '@smithy/protocol-http': 5.3.4
      '@smithy/types': 4.8.1
      '@smithy/util-hex-encoding': 4.2.0
      '@smithy/util-middleware': 4.2.4
      '@smithy/util-uri-escape': 4.2.0
      '@smithy/util-utf8': 4.2.0
      tslib: 2.8.1
    optional: true

  '@smithy/smithy-client@4.9.2':
    dependencies:
      '@smithy/core': 3.17.2
      '@smithy/middleware-endpoint': 4.3.6
      '@smithy/middleware-stack': 4.2.4
      '@smithy/protocol-http': 5.3.4
      '@smithy/types': 4.8.1
      '@smithy/util-stream': 4.5.5
      tslib: 2.8.1
    optional: true

  '@smithy/types@4.8.1':
    dependencies:
      tslib: 2.8.1
    optional: true

  '@smithy/url-parser@4.2.4':
    dependencies:
      '@smithy/querystring-parser': 4.2.4
      '@smithy/types': 4.8.1
      tslib: 2.8.1
    optional: true

  '@smithy/util-base64@4.3.0':
    dependencies:
      '@smithy/util-buffer-from': 4.2.0
      '@smithy/util-utf8': 4.2.0
      tslib: 2.8.1
    optional: true

  '@smithy/util-body-length-browser@4.2.0':
    dependencies:
      tslib: 2.8.1
    optional: true

  '@smithy/util-body-length-node@4.2.1':
    dependencies:
      tslib: 2.8.1
    optional: true

  '@smithy/util-buffer-from@2.2.0':
    dependencies:
      '@smithy/is-array-buffer': 2.2.0
      tslib: 2.8.1
    optional: true

  '@smithy/util-buffer-from@4.2.0':
    dependencies:
      '@smithy/is-array-buffer': 4.2.0
      tslib: 2.8.1
    optional: true

  '@smithy/util-config-provider@4.2.0':
    dependencies:
      tslib: 2.8.1
    optional: true

  '@smithy/util-defaults-mode-browser@4.3.5':
    dependencies:
      '@smithy/property-provider': 4.2.4
      '@smithy/smithy-client': 4.9.2
      '@smithy/types': 4.8.1
      tslib: 2.8.1
    optional: true

  '@smithy/util-defaults-mode-node@4.2.7':
    dependencies:
      '@smithy/config-resolver': 4.4.1
      '@smithy/credential-provider-imds': 4.2.4
      '@smithy/node-config-provider': 4.3.4
      '@smithy/property-provider': 4.2.4
      '@smithy/smithy-client': 4.9.2
      '@smithy/types': 4.8.1
      tslib: 2.8.1
    optional: true

  '@smithy/util-endpoints@3.2.4':
    dependencies:
      '@smithy/node-config-provider': 4.3.4
      '@smithy/types': 4.8.1
      tslib: 2.8.1
    optional: true

  '@smithy/util-hex-encoding@4.2.0':
    dependencies:
      tslib: 2.8.1
    optional: true

  '@smithy/util-middleware@4.2.4':
    dependencies:
      '@smithy/types': 4.8.1
      tslib: 2.8.1
    optional: true

  '@smithy/util-retry@4.2.4':
    dependencies:
      '@smithy/service-error-classification': 4.2.4
      '@smithy/types': 4.8.1
      tslib: 2.8.1
    optional: true

  '@smithy/util-stream@4.5.5':
    dependencies:
      '@smithy/fetch-http-handler': 5.3.5
      '@smithy/node-http-handler': 4.4.4
      '@smithy/types': 4.8.1
      '@smithy/util-base64': 4.3.0
      '@smithy/util-buffer-from': 4.2.0
      '@smithy/util-hex-encoding': 4.2.0
      '@smithy/util-utf8': 4.2.0
      tslib: 2.8.1
    optional: true

  '@smithy/util-uri-escape@4.2.0':
    dependencies:
      tslib: 2.8.1
    optional: true

  '@smithy/util-utf8@2.3.0':
    dependencies:
      '@smithy/util-buffer-from': 2.2.0
      tslib: 2.8.1
    optional: true

  '@smithy/util-utf8@4.2.0':
    dependencies:
      '@smithy/util-buffer-from': 4.2.0
      tslib: 2.8.1
    optional: true

  '@smithy/uuid@1.1.0':
    dependencies:
      tslib: 2.8.1
    optional: true

  '@types/node@24.9.2':
    dependencies:
      undici-types: 7.16.0

  '@types/webidl-conversions@7.0.3': {}

  '@types/whatwg-url@8.2.2':
    dependencies:
      '@types/node': 24.9.2
      '@types/webidl-conversions': 7.0.3

  base64-js@1.5.1: {}

  bowser@2.12.1:
    optional: true

  bson@4.7.2:
    dependencies:
      buffer: 5.7.1

  buffer@5.7.1:
    dependencies:
      base64-js: 1.5.1
      ieee754: 1.2.1

  debug@4.4.3:
    dependencies:
      ms: 2.1.3

  fast-xml-parser@5.2.5:
    dependencies:
      strnum: 2.1.1
    optional: true

  ieee754@1.2.1: {}

  ip-address@10.0.1: {}

  kareem@2.5.1: {}

  memory-pager@1.5.0:
    optional: true

  mongodb-connection-string-url@2.6.0:
    dependencies:
      '@types/whatwg-url': 8.2.2
      whatwg-url: 11.0.0

  mongodb@4.17.2:
    dependencies:
      bson: 4.7.2
      mongodb-connection-string-url: 2.6.0
      socks: 2.8.7
    optionalDependencies:
      '@aws-sdk/credential-providers': 3.922.0
      '@mongodb-js/saslprep': 1.3.2
    transitivePeerDependencies:
      - aws-crt

  mongoose@6.13.8:
    dependencies:
      bson: 4.7.2
      kareem: 2.5.1
      mongodb: 4.17.2
      mpath: 0.9.0
      mquery: 4.0.3
      ms: 2.1.3
      sift: 16.0.1
    transitivePeerDependencies:
      - aws-crt
      - supports-color

  mpath@0.9.0: {}

  mquery@4.0.3:
    dependencies:
      debug: 4.4.3
    transitivePeerDependencies:
      - supports-color

  ms@2.1.3: {}

  punycode@2.3.1: {}

  sift@16.0.1: {}

  smart-buffer@4.2.0: {}

  socks@2.8.7:
    dependencies:
      ip-address: 10.0.1
      smart-buffer: 4.2.0

  sparse-bitfield@3.0.3:
    dependencies:
      memory-pager: 1.5.0
    optional: true

  strnum@2.1.1:
    optional: true

  tr46@3.0.0:
    dependencies:
      punycode: 2.3.1

  tslib@2.8.1:
    optional: true

  undici-types@7.16.0: {}

  webidl-conversions@7.0.0: {}

  whatwg-url@11.0.0:
    dependencies:
      tr46: 3.0.0
      webidl-conversions: 7.0.0
