devDependencies:
  husky: 5.0.9
  prettier: 2.2.1
  prettier-plugin-organize-imports: 1.1.1_prettier@2.2.1+typescript@4.1.5
  typescript: 4.1.5
lockfileVersion: 5.2
packages:
  /husky/5.0.9:
    dev: true
    engines:
      node: '>= 10'
    hasBin: true
    resolution:
      integrity: sha512-0SjcaY21a+IRdx7p7r/X33Vc09UR2m8SbP8yfkhUX2/jAmwcz+GR7i9jXkp2pP3GfX23JhMkVP6SWwXB18uXtg==
  /prettier-plugin-organize-imports/1.1.1_prettier@2.2.1+typescript@4.1.5:
    dependencies:
      prettier: 2.2.1
      typescript: 4.1.5
    dev: true
    peerDependencies:
      prettier: '>=1.10'
      typescript: '>=2.8.2'
    resolution:
      integrity: sha512-rFA1lnek1FYkMGthm4xBKME41qUKItTovuo24bCGZu/Vu1n3gW71UPLAkIdwewwkZCe29gRVweSOPXvAdckFuw==
  /prettier/2.2.1:
    dev: true
    engines:
      node: '>=10.13.0'
    hasBin: true
    resolution:
      integrity: sha512-PqyhM2yCjg/oKkFPtTGUojv7gnZAoG80ttl45O6x2Ug/rMJw4wcc9k6aaf2hibP7BGVCCM33gZoGjyvt9mm16Q==
  /typescript/4.1.5:
    dev: true
    engines:
      node: '>=4.2.0'
    hasBin: true
    resolution:
      integrity: sha512-6OSu9PTIzmn9TCDiovULTnET6BgXtDYL4Gg4szY+cGsc3JP1dQL8qvE8kShTRx1NIw4Q9IBHlwODjkjWEtMUyA==
specifiers:
  husky: ^5.0.9
  prettier: ^2.2.1
  prettier-plugin-organize-imports: ^1.1.1
  typescript: ^4.1.5
