lockfileVersion: '6.0'

settings:
  autoInstallPeers: true
  excludeLinksFromLockfile: false

dependencies:
  lodash:
    specifier: ^4.17.21
    version: 4.17.21

devDependencies:
  '@types/lodash':
    specifier: ^4.14.176
    version: 4.14.176
  '@types/luxon':
    specifier: ^2.0.4
    version: 2.0.4
  luxon:
    specifier: ^2.0.2
    version: 2.0.2

packages:

  /@types/lodash@4.14.176:
    resolution: {integrity: sha512-xZmuPTa3rlZoIbtDUyJKZQimJV3bxCmzMIO2c9Pz9afyDro6kr7R79GwcB6mRhuoPmV2p1Vb66WOJH7F886WKQ==}
    dev: true

  /@types/luxon@2.0.4:
    resolution: {integrity: sha512-l3xuhmyF2kBldy15SeY6d6HbK2BacEcSK1qTF1ISPtPHr29JH0C1fndz9ExXLKpGl0J6pZi+dGp1i5xesMt60Q==}
    dev: true

  /lodash@4.17.21:
    resolution: {integrity: sha512-v2kDEe57lecTulaDIuNTPy3Ry4gLGJ6Z1O3vE1krgXZNrsQ+LFTGHVxVjcXPs17LhbZVGedAJv8XZ1tvj5FvSg==}
    dev: false

  /luxon@2.0.2:
    resolution: {integrity: sha512-ZRioYLCgRHrtTORaZX1mx+jtxKtKuI5ZDvHNAmqpUzGqSrR+tL4FVLn/CUGMA3h0+AKD1MAxGI5GnCqR5txNqg==}
    dev: true
